// !$*UTF8*$!
{
	archiveVersion = 1;
	classes = {
	};
	objectVersion = 46;
	objects = {

/* Begin PBXBuildFile section */
		8909F0281B5DEDB300440040 /* FactBook.m in Sources */ = {isa = PBXBuildFile; fileRef = 8909F0271B5DEDB300440040 /* FactBook.m */; };
		89116DC21B5DA59700228A25 /* main.m in Sources */ = {isa = PBXBuildFile; fileRef = 89116DC11B5DA59700228A25 /* main.m */; };
		89116DC51B5DA59700228A25 /* AppDelegate.m in Sources */ = {isa = PBXBuildFile; fileRef = 89116DC41B5DA59700228A25 /* AppDelegate.m */; };
		89116DC81B5DA59700228A25 /* ViewController.m in Sources */ = {isa = PBXBuildFile; fileRef = 89116DC71B5DA59700228A25 /* ViewController.m */; };
		89116DCB1B5DA59700228A25 /* Main.storyboard in Resources */ = {isa = PBXBuildFile; fileRef = 89116DC91B5DA59700228A25 /* Main.storyboard */; };
		89116DCD1B5DA59700228A25 /* Images.xcassets in Resources */ = {isa = PBXBuildFile; fileRef = 89116DCC1B5DA59700228A25 /* Images.xcassets */; };
		89116DD01B5DA59700228A25 /* LaunchScreen.xib in Resources */ = {isa = PBXBuildFile; fileRef = 89116DCE1B5DA59700228A25 /* LaunchScreen.xib */; };
		89116DDC1B5DA59700228A25 /* FunFactsTests.m in Sources */ = {isa = PBXBuildFile; fileRef = 89116DDB1B5DA59700228A25 /* FunFactsTests.m */; };
		89E4064B1B607FAA0014F481 /* ColorWheel.m in Sources */ = {isa = PBXBuildFile; fileRef = 89E4064A1B607FAA0014F481 /* ColorWheel.m */; };
/* End PBXBuildFile section */

/* Begin PBXContainerItemProxy section */
		89116DD61B5DA59700228A25 /* PBXContainerItemProxy */ = {
			isa = PBXContainerItemProxy;
			containerPortal = 89116DB41B5DA59700228A25 /* Project object */;
			proxyType = 1;
			remoteGlobalIDString = 89116DBB1B5DA59700228A25;
			remoteInfo = FunFacts;
		};
/* End PBXContainerItemProxy section */

/* Begin PBXFileReference section */
		8909F0261B5DEDB300440040 /* FactBook.h */ = {isa = PBXFileReference; fileEncoding = 4; lastKnownFileType = sourcecode.c.h; path = FactBook.h; sourceTree = "<group>"; };
		8909F0271B5DEDB300440040 /* FactBook.m */ = {isa = PBXFileReference; fileEncoding = 4; lastKnownFileType = sourcecode.c.objc; path = FactBook.m; sourceTree = "<group>"; };
		89116DBC1B5DA59700228A25 /* FunFacts.app */ = {isa = PBXFileReference; explicitFileType = wrapper.application; includeInIndex = 0; path = FunFacts.app; sourceTree = BUILT_PRODUCTS_DIR; };
		89116DC01B5DA59700228A25 /* Info.plist */ = {isa = PBXFileReference; lastKnownFileType = text.plist.xml; path = Info.plist; sourceTree = "<group>"; };
		89116DC11B5DA59700228A25 /* main.m */ = {isa = PBXFileReference; lastKnownFileType = sourcecode.c.objc; path = main.m; sourceTree = "<group>"; };
		89116DC31B5DA59700228A25 /* AppDelegate.h */ = {isa = PBXFileReference; lastKnownFileType = sourcecode.c.h; path = AppDelegate.h; sourceTree = "<group>"; };
		89116DC41B5DA59700228A25 /* AppDelegate.m */ = {isa = PBXFileReference; lastKnownFileType = sourcecode.c.objc; path = AppDelegate.m; sourceTree = "<group>"; };
		89116DC61B5DA59700228A25 /* ViewController.h */ = {isa = PBXFileReference; lastKnownFileType = sourcecode.c.h; path = ViewController.h; sourceTree = "<group>"; };
		89116DC71B5DA59700228A25 /* ViewController.m */ = {isa = PBXFileReference; lastKnownFileType = sourcecode.c.objc; path = ViewController.m; sourceTree = "<group>"; };
		89116DCA1B5DA59700228A25 /* Base */ = {isa = PBXFileReference; lastKnownFileType = file.storyboard; name = Base; path = Base.lproj/Main.storyboard; sourceTree = "<group>"; };
		89116DCC1B5DA59700228A25 /* Images.xcassets */ = {isa = PBXFileReference; lastKnownFileType = folder.assetcatalog; path = Images.xcassets; sourceTree = "<group>"; };
		89116DCF1B5DA59700228A25 /* Base */ = {isa = PBXFileReference; lastKnownFileType = file.xib; name = Base; path = Base.lproj/LaunchScreen.xib; sourceTree = "<group>"; };
		89116DD51B5DA59700228A25 /* FunFactsTests.xctest */ = {isa = PBXFileReference; explicitFileType = wrapper.cfbundle; includeInIndex = 0; path = FunFactsTests.xctest; sourceTree = BUILT_PRODUCTS_DIR; };
		89116DDA1B5DA59700228A25 /* Info.plist */ = {isa = PBXFileReference; lastKnownFileType = text.plist.xml; path = Info.plist; sourceTree = "<group>"; };
		89116DDB1B5DA59700228A25 /* FunFactsTests.m */ = {isa = PBXFileReference; lastKnownFileType = sourcecode.c.objc; path = FunFactsTests.m; sourceTree = "<group>"; };
		89E406491B607FAA0014F481 /* ColorWheel.h */ = {isa = PBXFileReference; fileEncoding = 4; lastKnownFileType = sourcecode.c.h; path = ColorWheel.h; sourceTree = "<group>"; };
		89E4064A1B607FAA0014F481 /* ColorWheel.m */ = {isa = PBXFileReference; fileEncoding = 4; lastKnownFileType = sourcecode.c.objc; path = ColorWheel.m; sourceTree = "<group>"; };
/* End PBXFileReference section */

/* Begin PBXFrameworksBuildPhase section */
		89116DB91B5DA59700228A25 /* Frameworks */ = {
			isa = PBXFrameworksBuildPhase;
			buildActionMask = 2147483647;
			files = (
			);
			runOnlyForDeploymentPostprocessing = 0;
		};
		89116DD21B5DA59700228A25 /* Frameworks */ = {
			isa = PBXFrameworksBuildPhase;
			buildActionMask = 2147483647;
			files = (
			);
			runOnlyForDeploymentPostprocessing = 0;
		};
/* End PBXFrameworksBuildPhase section */

/* Begin PBXGroup section */
		89116DB31B5DA59700228A25 = {
			isa = PBXGroup;
			children = (
				89116DBE1B5DA59700228A25 /* FunFacts */,
				89116DD81B5DA59700228A25 /* FunFactsTests */,
				89116DBD1B5DA59700228A25 /* Products */,
			);
			sourceTree = "<group>";
		};
		89116DBD1B5DA59700228A25 /* Products */ = {
			isa = PBXGroup;
			children = (
				89116DBC1B5DA59700228A25 /* FunFacts.app */,
				89116DD51B5DA59700228A25 /* FunFactsTests.xctest */,
			);
			name = Products;
			sourceTree = "<group>";
		};
		89116DBE1B5DA59700228A25 /* FunFacts */ = {
			isa = PBXGroup;
			children = (
				89116DC31B5DA59700228A25 /* AppDelegate.h */,
				89116DC41B5DA59700228A25 /* AppDelegate.m */,
				89116DC61B5DA59700228A25 /* ViewController.h */,
				89116DC71B5DA59700228A25 /* ViewController.m */,
				8909F0261B5DEDB300440040 /* FactBook.h */,
				8909F0271B5DEDB300440040 /* FactBook.m */,
				89E406491B607FAA0014F481 /* ColorWheel.h */,
				89E4064A1B607FAA0014F481 /* ColorWheel.m */,
				89116DC91B5DA59700228A25 /* Main.storyboard */,
				89116DCC1B5DA59700228A25 /* Images.xcassets */,
				89116DCE1B5DA59700228A25 /* LaunchScreen.xib */,
				89116DBF1B5DA59700228A25 /* Supporting Files */,
			);
			path = FunFacts;
			sourceTree = "<group>";
		};
		89116DBF1B5DA59700228A25 /* Supporting Files */ = {
			isa = PBXGroup;
			children = (
				89116DC01B5DA59700228A25 /* Info.plist */,
				89116DC11B5DA59700228A25 /* main.m */,
			);
			name = "Supporting Files";
			sourceTree = "<group>";
		};
		89116DD81B5DA59700228A25 /* FunFactsTests */ = {
			isa = PBXGroup;
			children = (
				89116DDB1B5DA59700228A25 /* FunFactsTests.m */,
				89116DD91B5DA59700228A25 /* Supporting Files */,
			);
			path = FunFactsTests;
			sourceTree = "<group>";
		};
		89116DD91B5DA59700228A25 /* Supporting Files */ = {
			isa = PBXGroup;
			children = (
				89116DDA1B5DA59700228A25 /* Info.plist */,
			);
			name = "Supporting Files";
			sourceTree = "<group>";
		};
/* End PBXGroup section */

/* Begin PBXNativeTarget section */
		89116DBB1B5DA59700228A25 /* FunFacts */ = {
			isa = PBXNativeTarget;
			buildConfigurationList = 89116DDF1B5DA59700228A25 /* Build configuration list for PBXNativeTarget "FunFacts" */;
			buildPhases = (
				89116DB81B5DA59700228A25 /* Sources */,
				89116DB91B5DA59700228A25 /* Frameworks */,
				89116DBA1B5DA59700228A25 /* Resources */,
			);
			buildRules = (
			);
			dependencies = (
			);
			name = FunFacts;
			productName = FunFacts;
			productReference = 89116DBC1B5DA59700228A25 /* FunFacts.app */;
			productType = "com.apple.product-type.application";
		};
		89116DD41B5DA59700228A25 /* FunFactsTests */ = {
			isa = PBXNativeTarget;
			buildConfigurationList = 89116DE21B5DA59700228A25 /* Build configuration list for PBXNativeTarget "FunFactsTests" */;
			buildPhases = (
				89116DD11B5DA59700228A25 /* Sources */,
				89116DD21B5DA59700228A25 /* Frameworks */,
				89116DD31B5DA59700228A25 /* Resources */,
			);
			buildRules = (
			);
			dependencies = (
				89116DD71B5DA59700228A25 /* PBXTargetDependency */,
			);
			name = FunFactsTests;
			productName = FunFactsTests;
			productReference = 89116DD51B5DA59700228A25 /* FunFactsTests.xctest */;
			productType = "com.apple.product-type.bundle.unit-test";
		};
/* End PBXNativeTarget section */

/* Begin PBXProject section */
		89116DB41B5DA59700228A25 /* Project object */ = {
			isa = PBXProject;
			attributes = {
				LastUpgradeCheck = 0610;
				ORGANIZATIONNAME = Treehouse;
				TargetAttributes = {
					89116DBB1B5DA59700228A25 = {
						CreatedOnToolsVersion = 6.1.1;
					};
					89116DD41B5DA59700228A25 = {
						CreatedOnToolsVersion = 6.1.1;
						TestTargetID = 89116DBB1B5DA59700228A25;
					};
				};
			};
			buildConfigurationList = 89116DB71B5DA59700228A25 /* Build configuration list for PBXProject "FunFacts" */;
			compatibilityVersion = "Xcode 3.2";
			developmentRegion = English;
			hasScannedForEncodings = 0;
			knownRegions = (
				en,
				Base,
			);
			mainGroup = 89116DB31B5DA59700228A25;
			productRefGroup = 89116DBD1B5DA59700228A25 /* Products */;
			projectDirPath = "";
			projectRoot = "";
			targets = (
				89116DBB1B5DA59700228A25 /* FunFacts */,
				89116DD41B5DA59700228A25 /* FunFactsTests */,
			);
		};
/* End PBXProject section */

/* Begin PBXResourcesBuildPhase section */
		89116DBA1B5DA59700228A25 /* Resources */ = {
			isa = PBXResourcesBuildPhase;
			buildActionMask = 2147483647;
			files = (
				89116DCB1B5DA59700228A25 /* Main.storyboard in Resources */,
				89116DD01B5DA59700228A25 /* LaunchScreen.xib in Resources */,
				89116DCD1B5DA59700228A25 /* Images.xcassets in Resources */,
			);
			runOnlyForDeploymentPostprocessing = 0;
		};
		89116DD31B5DA59700228A25 /* Resources */ = {
			isa = PBXResourcesBuildPhase;
			buildActionMask = 2147483647;
			files = (
			);
			runOnlyForDeploymentPostprocessing = 0;
		};
/* End PBXResourcesBuildPhase section */

/* Begin PBXSourcesBuildPhase section */
		89116DB81B5DA59700228A25 /* Sources */ = {
			isa = PBXSourcesBuildPhase;
			buildActionMask = 2147483647;
			files = (
				89116DC81B5DA59700228A25 /* ViewController.m in Sources */,
				89116DC51B5DA59700228A25 /* AppDelegate.m in Sources */,
				8909F0281B5DEDB300440040 /* FactBook.m in Sources */,
				89116DC21B5DA59700228A25 /* main.m in Sources */,
				89E4064B1B607FAA0014F481 /* ColorWheel.m in Sources */,
			);
			runOnlyForDeploymentPostprocessing = 0;
		};
		89116DD11B5DA59700228A25 /* Sources */ = {
			isa = PBXSourcesBuildPhase;
			buildActionMask = 2147483647;
			files = (
				89116DDC1B5DA59700228A25 /* FunFactsTests.m in Sources */,
			);
			runOnlyForDeploymentPostprocessing = 0;
		};
/* End PBXSourcesBuildPhase section */

/* Begin PBXTargetDependency section */
		89116DD71B5DA59700228A25 /* PBXTargetDependency */ = {
			isa = PBXTargetDependency;
			target = 89116DBB1B5DA59700228A25 /* FunFacts */;
			targetProxy = 89116DD61B5DA59700228A25 /* PBXContainerItemProxy */;
		};
/* End PBXTargetDependency section */

/* Begin PBXVariantGroup section */
		89116DC91B5DA59700228A25 /* Main.storyboard */ = {
			isa = PBXVariantGroup;
			children = (
				89116DCA1B5DA59700228A25 /* Base */,
			);
			name = Main.storyboard;
			sourceTree = "<group>";
		};
		89116DCE1B5DA59700228A25 /* LaunchScreen.xib */ = {
			isa = PBXVariantGroup;
			children = (
				89116DCF1B5DA59700228A25 /* Base */,
			);
			name = LaunchScreen.xib;
			sourceTree = "<group>";
		};
/* End PBXVariantGroup section */

/* Begin XCBuildConfiguration section */
		89116DDD1B5DA59700228A25 /* Debug */ = {
			isa = XCBuildConfiguration;
			buildSettings = {
				ALWAYS_SEARCH_USER_PATHS = NO;
				CLANG_CXX_LANGUAGE_STANDARD = "gnu++0x";
				CLANG_CXX_LIBRARY = "libc++";
				CLANG_ENABLE_MODULES = YES;
				CLANG_ENABLE_OBJC_ARC = YES;
				CLANG_WARN_BOOL_CONVERSION = YES;
				CLANG_WARN_CONSTANT_CONVERSION = YES;
				CLANG_WARN_DIRECT_OBJC_ISA_USAGE = YES_ERROR;
				CLANG_WARN_EMPTY_BODY = YES;
				CLANG_WARN_ENUM_CONVERSION = YES;
				CLANG_WARN_INT_CONVERSION = YES;
				CLANG_WARN_OBJC_ROOT_CLASS = YES_ERROR;
				CLANG_WARN_UNREACHABLE_CODE = YES;
				CLANG_WARN__DUPLICATE_METHOD_MATCH = YES;
				"CODE_SIGN_IDENTITY[sdk=iphoneos*]" = "iPhone Developer";
				COPY_PHASE_STRIP = NO;
				ENABLE_STRICT_OBJC_MSGSEND = YES;
				GCC_C_LANGUAGE_STANDARD = gnu99;
				GCC_DYNAMIC_NO_PIC = NO;
				GCC_OPTIMIZATION_LEVEL = 0;
				GCC_PREPROCESSOR_DEFINITIONS = (
					"DEBUG=1",
					"$(inherited)",
				);
				GCC_SYMBOLS_PRIVATE_EXTERN = NO;
				GCC_WARN_64_TO_32_BIT_CONVERSION = YES;
				GCC_WARN_ABOUT_RETURN_TYPE = YES_ERROR;
				GCC_WARN_UNDECLARED_SELECTOR = YES;
				GCC_WARN_UNINITIALIZED_AUTOS = YES_AGGRESSIVE;
				GCC_WARN_UNUSED_FUNCTION = YES;
				GCC_WARN_UNUSED_VARIABLE = YES;
				IPHONEOS_DEPLOYMENT_TARGET = 8.1;
				MTL_ENABLE_DEBUG_INFO = YES;
				ONLY_ACTIVE_ARCH = YES;
				SDKROOT = iphoneos;
			};
			name = Debug;
		};
		89116DDE1B5DA59700228A25 /* Release */ = {
			isa = XCBuildConfiguration;
			buildSettings = {
				ALWAYS_SEARCH_USER_PATHS = NO;
				CLANG_CXX_LANGUAGE_STANDARD = "gnu++0x";
				CLANG_CXX_LIBRARY = "libc++";
				CLANG_ENABLE_MODULES = YES;
				CLANG_ENABLE_OBJC_ARC = YES;
				CLANG_WARN_BOOL_CONVERSION = YES;
				CLANG_WARN_CONSTANT_CONVERSION = YES;
				CLANG_WARN_DIRECT_OBJC_ISA_USAGE = YES_ERROR;
				CLANG_WARN_EMPTY_BODY = YES;
				CLANG_WARN_ENUM_CONVERSION = YES;
				CLANG_WARN_INT_CONVERSION = YES;
				CLANG_WARN_OBJC_ROOT_CLASS = YES_ERROR;
				CLANG_WARN_UNREACHABLE_CODE = YES;
				CLANG_WARN__DUPLICATE_METHOD_MATCH = YES;
				"CODE_SIGN_IDENTITY[sdk=iphoneos*]" = "iPhone Developer";
				COPY_PHASE_STRIP = YES;
				ENABLE_NS_ASSERTIONS = NO;
				ENABLE_STRICT_OBJC_MSGSEND = YES;
				GCC_C_LANGUAGE_STANDARD = gnu99;
				GCC_WARN_64_TO_32_BIT_CONVERSION = YES;
				GCC_WARN_ABOUT_RETURN_TYPE = YES_ERROR;
				GCC_WARN_UNDECLARED_SELECTOR = YES;
				GCC_WARN_UNINITIALIZED_AUTOS = YES_AGGRESSIVE;
				GCC_WARN_UNUSED_FUNCTION = YES;
				GCC_WARN_UNUSED_VARIABLE = YES;
				IPHONEOS_DEPLOYMENT_TARGET = 8.1;
				MTL_ENABLE_DEBUG_INFO = NO;
				SDKROOT = iphoneos;
				VALIDATE_PRODUCT = YES;
			};
			name = Release;
		};
		89116DE01B5DA59700228A25 /* Debug */ = {
			isa = XCBuildConfiguration;
			buildSettings = {
				ASSETCATALOG_COMPILER_APPICON_NAME = AppIcon;
				INFOPLIST_FILE = FunFacts/Info.plist;
				LD_RUNPATH_SEARCH_PATHS = "$(inherited) @executable_path/Frameworks";
				PRODUCT_NAME = "$(TARGET_NAME)";
			};
			name = Debug;
		};
		89116DE11B5DA59700228A25 /* Release */ = {
			isa = XCBuildConfiguration;
			buildSettings = {
				ASSETCATALOG_COMPILER_APPICON_NAME = AppIcon;
				INFOPLIST_FILE = FunFacts/Info.plist;
				LD_RUNPATH_SEARCH_PATHS = "$(inherited) @executable_path/Frameworks";
				PRODUCT_NAME = "$(TARGET_NAME)";
			};
			name = Release;
		};
		89116DE31B5DA59700228A25 /* Debug */ = {
			isa = XCBuildConfiguration;
			buildSettings = {
				BUNDLE_LOADER = "$(TEST_HOST)";
				FRAMEWORK_SEARCH_PATHS = (
					"$(SDKROOT)/Developer/Library/Frameworks",
					"$(inherited)",
				);
				GCC_PREPROCESSOR_DEFINITIONS = (
					"DEBUG=1",
					"$(inherited)",
				);
				INFOPLIST_FILE = FunFactsTests/Info.plist;
				LD_RUNPATH_SEARCH_PATHS = "$(inherited) @executable_path/Frameworks @loader_path/Frameworks";
				PRODUCT_NAME = "$(TARGET_NAME)";
				TEST_HOST = "$(BUILT_PRODUCTS_DIR)/FunFacts.app/FunFacts";
			};
			name = Debug;
		};
		89116DE41B5DA59700228A25 /* Release */ = {
			isa = XCBuildConfiguration;
			buildSettings = {
				BUNDLE_LOADER = "$(TEST_HOST)";
				FRAMEWORK_SEARCH_PATHS = (
					"$(SDKROOT)/Developer/Library/Frameworks",
					"$(inherited)",
				);
				INFOPLIST_FILE = FunFactsTests/Info.plist;
				LD_RUNPATH_SEARCH_PATHS = "$(inherited) @executable_path/Frameworks @loader_path/Frameworks";
				PRODUCT_NAME = "$(TARGET_NAME)";
				TEST_HOST = "$(BUILT_PRODUCTS_DIR)/FunFacts.app/FunFacts";
			};
			name = Release;
		};
/* End XCBuildConfiguration section */

/* Begin XCConfigurationList section */
		89116DB71B5DA59700228A25 /* Build configuration list for PBXProject "FunFacts" */ = {
			isa = XCConfigurationList;
			buildConfigurations = (
				89116DDD1B5DA59700228A25 /* Debug */,
				89116DDE1B5DA59700228A25 /* Release */,
			);
			defaultConfigurationIsVisible = 0;
			defaultConfigurationName = Release;
		};
		89116DDF1B5DA59700228A25 /* Build configuration list for PBXNativeTarget "FunFacts" */ = {
			isa = XCConfigurationList;
			buildConfigurations = (
				89116DE01B5DA59700228A25 /* Debug */,
				89116DE11B5DA59700228A25 /* Release */,
			);
			defaultConfigurationIsVisible = 0;
			defaultConfigurationName = Release;
		};
		89116DE21B5DA59700228A25 /* Build configuration list for PBXNativeTarget "FunFactsTests" */ = {
			isa = XCConfigurationList;
			buildConfigurations = (
				89116DE31B5DA59700228A25 /* Debug */,
				89116DE41B5DA59700228A25 /* Release */,
			);
			defaultConfigurationIsVisible = 0;
			defaultConfigurationName = Release;
		};
/* End XCConfigurationList section */
	};
	rootObject = 89116DB41B5DA59700228A25 /* Project object */;
}
